{
  "name": "docs",
  "lockfileVersion": 3,
  "requires": true,
  "packages": {
    "": {
      "dependencies": {
        "retypeapp": "^3.9.0"
      }
    },
    "node_modules/retypeapp": {
      "version": "3.9.0",
      "resolved": "https://registry.npmjs.org/retypeapp/-/retypeapp-3.9.0.tgz",
      "integrity": "sha512-4dd3Oin1hJ4hS6pwp6+poi+gQjJJPvFeRdM8rtsbc5LeBzRD9YzL1Lvc+yBdle6COOqXyDio+xAgQEdBjA0u2w==",
      "license": "See LICENSE IN LICENSE",
      "bin": {
        "retype": "retype.js"
      }
    }
  }
}
